// !$*UTF8*$!
{
	archiveVersion = 1;
	classes = {
	};
	objectVersion = 77;
	objects = {

/* Begin PBXContainerItemProxy section */
		FDAA6FD62DC87EC2007FF229 /* PBXContainerItemProxy */ = {
			isa = PBXContainerItemProxy;
			containerPortal = FDAA6FC02DC87EBF007FF229 /* Project object */;
			proxyType = 1;
			remoteGlobalIDString = FDAA6FC72DC87EBF007FF229;
			remoteInfo = Bailanysta;
		};
		FDAA6FE02DC87EC2007FF229 /* PBXContainerItemProxy */ = {
			isa = PBXContainerItemProxy;
			containerPortal = FDAA6FC02DC87EBF007FF229 /* Project object */;
			proxyType = 1;
			remoteGlobalIDString = FDAA6FC72DC87EBF007FF229;
			remoteInfo = Bailanysta;
		};
/* End PBXContainerItemProxy section */

/* Begin PBXFileReference section */
		FDAA6FC82DC87EBF007FF229 /* Bailanysta.app */ = {isa = PBXFileReference; explicitFileType = wrapper.application; includeInIndex = 0; path = Bailanysta.app; sourceTree = BUILT_PRODUCTS_DIR; };
		FDAA6FD52DC87EC2007FF229 /* BailanystaTests.xctest */ = {isa = PBXFileReference; explicitFileType = wrapper.cfbundle; includeInIndex = 0; path = BailanystaTests.xctest; sourceTree = BUILT_PRODUCTS_DIR; };
		FDAA6FDF2DC87EC2007FF229 /* BailanystaUITests.xctest */ = {isa = PBXFileReference; explicitFileType = wrapper.cfbundle; includeInIndex = 0; path = BailanystaUITests.xctest; sourceTree = BUILT_PRODUCTS_DIR; };
/* End PBXFileReference section */

/* Begin PBXFileSystemSynchronizedRootGroup section */
		FDAA6FCA2DC87EBF007FF229 /* Bailanysta */ = {
			isa = PBXFileSystemSynchronizedRootGroup;
			path = Bailanysta;
			sourceTree = "<group>";
		};
		FDAA6FD82DC87EC2007FF229 /* BailanystaTests */ = {
			isa = PBXFileSystemSynchronizedRootGroup;
			path = BailanystaTests;
			sourceTree = "<group>";
		};
		FDAA6FE22DC87EC2007FF229 /* BailanystaUITests */ = {
			isa = PBXFileSystemSynchronizedRootGroup;
			path = BailanystaUITests;
			sourceTree = "<group>";
		};
/* End PBXFileSystemSynchronizedRootGroup section */

/* Begin PBXFrameworksBuildPhase section */
		FDAA6FC52DC87EBF007FF229 /* Frameworks */ = {
			isa = PBXFrameworksBuildPhase;
			buildActionMask = 2147483647;
			files = (
			);
			runOnlyForDeploymentPostprocessing = 0;
		};
		FDAA6FD22DC87EC2007FF229 /* Frameworks */ = {
			isa = PBXFrameworksBuildPhase;
			buildActionMask = 2147483647;
			files = (
			);
			runOnlyForDeploymentPostprocessing = 0;
		};
		FDAA6FDC2DC87EC2007FF229 /* Frameworks */ = {
			isa = PBXFrameworksBuildPhase;
			buildActionMask = 2147483647;
			files = (
			);
			runOnlyForDeploymentPostprocessing = 0;
		};
/* End PBXFrameworksBuildPhase section */

/* Begin PBXGroup section */
		FDAA6FBF2DC87EBF007FF229 = {
			isa = PBXGroup;
			children = (
				FDAA6FCA2DC87EBF007FF229 /* Bailanysta */,
				FDAA6FD82DC87EC2007FF229 /* BailanystaTests */,
				FDAA6FE22DC87EC2007FF229 /* BailanystaUITests */,
				FDAA6FC92DC87EBF007FF229 /* Products */,
			);
			sourceTree = "<group>";
		};
		FDAA6FC92DC87EBF007FF229 /* Products */ = {
			isa = PBXGroup;
			children = (
				FDAA6FC82DC87EBF007FF229 /* Bailanysta.app */,
				FDAA6FD52DC87EC2007FF229 /* BailanystaTests.xctest */,
				FDAA6FDF2DC87EC2007FF229 /* BailanystaUITests.xctest */,
			);
			name = Products;
			sourceTree = "<group>";
		};
/* End PBXGroup section */

/* Begin PBXNativeTarget section */
		FDAA6FC72DC87EBF007FF229 /* Bailanysta */ = {
			isa = PBXNativeTarget;
			buildConfigurationList = FDAA6FE92DC87EC2007FF229 /* Build configuration list for PBXNativeTarget "Bailanysta" */;
			buildPhases = (
				FDAA6FC42DC87EBF007FF229 /* Sources */,
				FDAA6FC52DC87EBF007FF229 /* Frameworks */,
				FDAA6FC62DC87EBF007FF229 /* Resources */,
			);
			buildRules = (
			);
			dependencies = (
			);
			fileSystemSynchronizedGroups = (
				FDAA6FCA2DC87EBF007FF229 /* Bailanysta */,
			);
			name = Bailanysta;
			packageProductDependencies = (
			);
			productName = Bailanysta;
			productReference = FDAA6FC82DC87EBF007FF229 /* Bailanysta.app */;
			productType = "com.apple.product-type.application";
		};
		FDAA6FD42DC87EC2007FF229 /* BailanystaTests */ = {
			isa = PBXNativeTarget;
			buildConfigurationList = FDAA6FEC2DC87EC2007FF229 /* Build configuration list for PBXNativeTarget "BailanystaTests" */;
			buildPhases = (
				FDAA6FD12DC87EC2007FF229 /* Sources */,
				FDAA6FD22DC87EC2007FF229 /* Frameworks */,
				FDAA6FD32DC87EC2007FF229 /* Resources */,
			);
			buildRules = (
			);
			dependencies = (
				FDAA6FD72DC87EC2007FF229 /* PBXTargetDependency */,
			);
			fileSystemSynchronizedGroups = (
				FDAA6FD82DC87EC2007FF229 /* BailanystaTests */,
			);
			name = BailanystaTests;
			packageProductDependencies = (
			);
			productName = BailanystaTests;
			productReference = FDAA6FD52DC87EC2007FF229 /* BailanystaTests.xctest */;
			productType = "com.apple.product-type.bundle.unit-test";
		};
		FDAA6FDE2DC87EC2007FF229 /* BailanystaUITests */ = {
			isa = PBXNativeTarget;
			buildConfigurationList = FDAA6FEF2DC87EC2007FF229 /* Build configuration list for PBXNativeTarget "BailanystaUITests" */;
			buildPhases = (
				FDAA6FDB2DC87EC2007FF229 /* Sources */,
				FDAA6FDC2DC87EC2007FF229 /* Frameworks */,
				FDAA6FDD2DC87EC2007FF229 /* Resources */,
			);
			buildRules = (
			);
			dependencies = (
				FDAA6FE12DC87EC2007FF229 /* PBXTargetDependency */,
			);
			fileSystemSynchronizedGroups = (
				FDAA6FE22DC87EC2007FF229 /* BailanystaUITests */,
			);
			name = BailanystaUITests;
			packageProductDependencies = (
			);
			productName = BailanystaUITests;
			productReference = FDAA6FDF2DC87EC2007FF229 /* BailanystaUITests.xctest */;
			productType = "com.apple.product-type.bundle.ui-testing";
		};
/* End PBXNativeTarget section */

/* Begin PBXProject section */
		FDAA6FC02DC87EBF007FF229 /* Project object */ = {
			isa = PBXProject;
			attributes = {
				BuildIndependentTargetsInParallel = 1;
				LastSwiftUpdateCheck = 1630;
				LastUpgradeCheck = 1630;
				TargetAttributes = {
					FDAA6FC72DC87EBF007FF229 = {
						CreatedOnToolsVersion = 16.3;
					};
					FDAA6FD42DC87EC2007FF229 = {
						CreatedOnToolsVersion = 16.3;
						TestTargetID = FDAA6FC72DC87EBF007FF229;
					};
					FDAA6FDE2DC87EC2007FF229 = {
						CreatedOnToolsVersion = 16.3;
						TestTargetID = FDAA6FC72DC87EBF007FF229;
					};
				};
			};
			buildConfigurationList = FDAA6FC32DC87EBF007FF229 /* Build configuration list for PBXProject "Bailanysta" */;
			developmentRegion = en;
			hasScannedForEncodings = 0;
			knownRegions = (
				en,
				Base,
			);
			mainGroup = FDAA6FBF2DC87EBF007FF229;
			minimizedProjectReferenceProxies = 1;
			preferredProjectObjectVersion = 77;
			productRefGroup = FDAA6FC92DC87EBF007FF229 /* Products */;
			projectDirPath = "";
			projectRoot = "";
			targets = (
				FDAA6FC72DC87EBF007FF229 /* Bailanysta */,
				FDAA6FD42DC87EC2007FF229 /* BailanystaTests */,
				FDAA6FDE2DC87EC2007FF229 /* BailanystaUITests */,
			);
		};
/* End PBXProject section */

/* Begin PBXResourcesBuildPhase section */
		FDAA6FC62DC87EBF007FF229 /* Resources */ = {
			isa = PBXResourcesBuildPhase;
			buildActionMask = 2147483647;
			files = (
			);
			runOnlyForDeploymentPostprocessing = 0;
		};
		FDAA6FD32DC87EC2007FF229 /* Resources */ = {
			isa = PBXResourcesBuildPhase;
			buildActionMask = 2147483647;
			files = (
			);
			runOnlyForDeploymentPostprocessing = 0;
		};
		FDAA6FDD2DC87EC2007FF229 /* Resources */ = {
			isa = PBXResourcesBuildPhase;
			buildActionMask = 2147483647;
			files = (
			);
			runOnlyForDeploymentPostprocessing = 0;
		};
/* End PBXResourcesBuildPhase section */

/* Begin PBXSourcesBuildPhase section */
		FDAA6FC42DC87EBF007FF229 /* Sources */ = {
			isa = PBXSourcesBuildPhase;
			buildActionMask = 2147483647;
			files = (
			);
			runOnlyForDeploymentPostprocessing = 0;
		};
		FDAA6FD12DC87EC2007FF229 /* Sources */ = {
			isa = PBXSourcesBuildPhase;
			buildActionMask = 2147483647;
			files = (
			);
			runOnlyForDeploymentPostprocessing = 0;
		};
		FDAA6FDB2DC87EC2007FF229 /* Sources */ = {
			isa = PBXSourcesBuildPhase;
			buildActionMask = 2147483647;
			files = (
			);
			runOnlyForDeploymentPostprocessing = 0;
		};
/* End PBXSourcesBuildPhase section */

/* Begin PBXTargetDependency section */
		FDAA6FD72DC87EC2007FF229 /* PBXTargetDependency */ = {
			isa = PBXTargetDependency;
			target = FDAA6FC72DC87EBF007FF229 /* Bailanysta */;
			targetProxy = FDAA6FD62DC87EC2007FF229 /* PBXContainerItemProxy */;
		};
		FDAA6FE12DC87EC2007FF229 /* PBXTargetDependency */ = {
			isa = PBXTargetDependency;
			target = FDAA6FC72DC87EBF007FF229 /* Bailanysta */;
			targetProxy = FDAA6FE02DC87EC2007FF229 /* PBXContainerItemProxy */;
		};
/* End PBXTargetDependency section */

/* Begin XCBuildConfiguration section */
		FDAA6FE72DC87EC2007FF229 /* Debug */ = {
			isa = XCBuildConfiguration;
			buildSettings = {
				ALWAYS_SEARCH_USER_PATHS = NO;
				ASSETCATALOG_COMPILER_GENERATE_SWIFT_ASSET_SYMBOL_EXTENSIONS = YES;
				CLANG_ANALYZER_NONNULL = YES;
				CLANG_ANALYZER_NUMBER_OBJECT_CONVERSION = YES_AGGRESSIVE;
				CLANG_CXX_LANGUAGE_STANDARD = "gnu++20";
				CLANG_ENABLE_MODULES = YES;
				CLANG_ENABLE_OBJC_ARC = YES;
				CLANG_ENABLE_OBJC_WEAK = YES;
				CLANG_WARN_BLOCK_CAPTURE_AUTORELEASING = YES;
				CLANG_WARN_BOOL_CONVERSION = YES;
				CLANG_WARN_COMMA = YES;
				CLANG_WARN_CONSTANT_CONVERSION = YES;
				CLANG_WARN_DEPRECATED_OBJC_IMPLEMENTATIONS = YES;
				CLANG_WARN_DIRECT_OBJC_ISA_USAGE = YES_ERROR;
				CLANG_WARN_DOCUMENTATION_COMMENTS = YES;
				CLANG_WARN_EMPTY_BODY = YES;
				CLANG_WARN_ENUM_CONVERSION = YES;
				CLANG_WARN_INFINITE_RECURSION = YES;
				CLANG_WARN_INT_CONVERSION = YES;
				CLANG_WARN_NON_LITERAL_NULL_CONVERSION = YES;
				CLANG_WARN_OBJC_IMPLICIT_RETAIN_SELF = YES;
				CLANG_WARN_OBJC_LITERAL_CONVERSION = YES;
				CLANG_WARN_OBJC_ROOT_CLASS = YES_ERROR;
				CLANG_WARN_QUOTED_INCLUDE_IN_FRAMEWORK_HEADER = YES;
				CLANG_WARN_RANGE_LOOP_ANALYSIS = YES;
				CLANG_WARN_STRICT_PROTOTYPES = YES;
				CLANG_WARN_SUSPICIOUS_MOVE = YES;
				CLANG_WARN_UNGUARDED_AVAILABILITY = YES_AGGRESSIVE;
				CLANG_WARN_UNREACHABLE_CODE = YES;
				CLANG_WARN__DUPLICATE_METHOD_MATCH = YES;
				COPY_PHASE_STRIP = NO;
				DEBUG_INFORMATION_FORMAT = dwarf;
				DEVELOPMENT_TEAM = M3UQXL2W5B;
				ENABLE_STRICT_OBJC_MSGSEND = YES;
				ENABLE_TESTABILITY = YES;
				ENABLE_USER_SCRIPT_SANDBOXING = YES;
				GCC_C_LANGUAGE_STANDARD = gnu17;
				GCC_DYNAMIC_NO_PIC = NO;
				GCC_NO_COMMON_BLOCKS = YES;
				GCC_OPTIMIZATION_LEVEL = 0;
				GCC_PREPROCESSOR_DEFINITIONS = (
					"DEBUG=1",
					"$(inherited)",
				);
				GCC_WARN_64_TO_32_BIT_CONVERSION = YES;
				GCC_WARN_ABOUT_RETURN_TYPE = YES_ERROR;
				GCC_WARN_UNDECLARED_SELECTOR = YES;
				GCC_WARN_UNINITIALIZED_AUTOS = YES_AGGRESSIVE;
				GCC_WARN_UNUSED_FUNCTION = YES;
				GCC_WARN_UNUSED_VARIABLE = YES;
				IPHONEOS_DEPLOYMENT_TARGET = 18.4;
				LOCALIZATION_PREFERS_STRING_CATALOGS = YES;
				MTL_ENABLE_DEBUG_INFO = INCLUDE_SOURCE;
				MTL_FAST_MATH = YES;
				ONLY_ACTIVE_ARCH = YES;
				SDKROOT = iphoneos;
				SWIFT_ACTIVE_COMPILATION_CONDITIONS = "DEBUG $(inherited)";
				SWIFT_OPTIMIZATION_LEVEL = "-Onone";
			};
			name = Debug;
		};
		FDAA6FE82DC87EC2007FF229 /* Release */ = {
			isa = XCBuildConfiguration;
			buildSettings = {
				ALWAYS_SEARCH_USER_PATHS = NO;
				ASSETCATALOG_COMPILER_GENERATE_SWIFT_ASSET_SYMBOL_EXTENSIONS = YES;
				CLANG_ANALYZER_NONNULL = YES;
				CLANG_ANALYZER_NUMBER_OBJECT_CONVERSION = YES_AGGRESSIVE;
				CLANG_CXX_LANGUAGE_STANDARD = "gnu++20";
				CLANG_ENABLE_MODULES = YES;
				CLANG_ENABLE_OBJC_ARC = YES;
				CLANG_ENABLE_OBJC_WEAK = YES;
				CLANG_WARN_BLOCK_CAPTURE_AUTORELEASING = YES;
				CLANG_WARN_BOOL_CONVERSION = YES;
				CLANG_WARN_COMMA = YES;
				CLANG_WARN_CONSTANT_CONVERSION = YES;
				CLANG_WARN_DEPRECATED_OBJC_IMPLEMENTATIONS = YES;
				CLANG_WARN_DIRECT_OBJC_ISA_USAGE = YES_ERROR;
				CLANG_WARN_DOCUMENTATION_COMMENTS = YES;
				CLANG_WARN_EMPTY_BODY = YES;
				CLANG_WARN_ENUM_CONVERSION = YES;
				CLANG_WARN_INFINITE_RECURSION = YES;
				CLANG_WARN_INT_CONVERSION = YES;
				CLANG_WARN_NON_LITERAL_NULL_CONVERSION = YES;
				CLANG_WARN_OBJC_IMPLICIT_RETAIN_SELF = YES;
				CLANG_WARN_OBJC_LITERAL_CONVERSION = YES;
				CLANG_WARN_OBJC_ROOT_CLASS = YES_ERROR;
				CLANG_WARN_QUOTED_INCLUDE_IN_FRAMEWORK_HEADER = YES;
				CLANG_WARN_RANGE_LOOP_ANALYSIS = YES;
				CLANG_WARN_STRICT_PROTOTYPES = YES;
				CLANG_WARN_SUSPICIOUS_MOVE = YES;
				CLANG_WARN_UNGUARDED_AVAILABILITY = YES_AGGRESSIVE;
				CLANG_WARN_UNREACHABLE_CODE = YES;
				CLANG_WARN__DUPLICATE_METHOD_MATCH = YES;
				COPY_PHASE_STRIP = NO;
				DEBUG_INFORMATION_FORMAT = "dwarf-with-dsym";
				DEVELOPMENT_TEAM = M3UQXL2W5B;
				ENABLE_NS_ASSERTIONS = NO;
				ENABLE_STRICT_OBJC_MSGSEND = YES;
				ENABLE_USER_SCRIPT_SANDBOXING = YES;
				GCC_C_LANGUAGE_STANDARD = gnu17;
				GCC_NO_COMMON_BLOCKS = YES;
				GCC_WARN_64_TO_32_BIT_CONVERSION = YES;
				GCC_WARN_ABOUT_RETURN_TYPE = YES_ERROR;
				GCC_WARN_UNDECLARED_SELECTOR = YES;
				GCC_WARN_UNINITIALIZED_AUTOS = YES_AGGRESSIVE;
				GCC_WARN_UNUSED_FUNCTION = YES;
				GCC_WARN_UNUSED_VARIABLE = YES;
				IPHONEOS_DEPLOYMENT_TARGET = 18.4;
				LOCALIZATION_PREFERS_STRING_CATALOGS = YES;
				MTL_ENABLE_DEBUG_INFO = NO;
				MTL_FAST_MATH = YES;
				SDKROOT = iphoneos;
				SWIFT_COMPILATION_MODE = wholemodule;
				VALIDATE_PRODUCT = YES;
			};
			name = Release;
		};
		FDAA6FEA2DC87EC2007FF229 /* Debug */ = {
			isa = XCBuildConfiguration;
			buildSettings = {
				ASSETCATALOG_COMPILER_APPICON_NAME = AppIcon;
				ASSETCATALOG_COMPILER_GLOBAL_ACCENT_COLOR_NAME = AccentColor;
				CODE_SIGN_STYLE = Automatic;
				CURRENT_PROJECT_VERSION = 1;
				DEVELOPMENT_TEAM = M3UQXL2W5B;
				ENABLE_PREVIEWS = YES;
				GENERATE_INFOPLIST_FILE = YES;
				INFOPLIST_KEY_UIApplicationSceneManifest_Generation = YES;
				INFOPLIST_KEY_UIApplicationSupportsIndirectInputEvents = YES;
				INFOPLIST_KEY_UILaunchScreen_Generation = YES;
				INFOPLIST_KEY_UISupportedInterfaceOrientations_iPad = "UIInterfaceOrientationPortrait UIInterfaceOrientationPortraitUpsideDown UIInterfaceOrientationLandscapeLeft UIInterfaceOrientationLandscapeRight";
				INFOPLIST_KEY_UISupportedInterfaceOrientations_iPhone = "UIInterfaceOrientationPortrait UIInterfaceOrientationLandscapeLeft UIInterfaceOrientationLandscapeRight";
				LD_RUNPATH_SEARCH_PATHS = (
					"$(inherited)",
					"@executable_path/Frameworks",
				);
				MARKETING_VERSION = 1.0;
				PRODUCT_BUNDLE_IDENTIFIER = Bizhan.Bailanysta;
				PRODUCT_NAME = "$(TARGET_NAME)";
				SWIFT_EMIT_LOC_STRINGS = YES;
				SWIFT_VERSION = 5.0;
				TARGETED_DEVICE_FAMILY = "1,2";
			};
			name = Debug;
		};
		FDAA6FEB2DC87EC2007FF229 /* Release */ = {
			isa = XCBuildConfiguration;
			buildSettings = {
				ASSETCATALOG_COMPILER_APPICON_NAME = AppIcon;
				ASSETCATALOG_COMPILER_GLOBAL_ACCENT_COLOR_NAME = AccentColor;
				CODE_SIGN_STYLE = Automatic;
				CURRENT_PROJECT_VERSION = 1;
				DEVELOPMENT_TEAM = M3UQXL2W5B;
				ENABLE_PREVIEWS = YES;
				GENERATE_INFOPLIST_FILE = YES;
				INFOPLIST_KEY_UIApplicationSceneManifest_Generation = YES;
				INFOPLIST_KEY_UIApplicationSupportsIndirectInputEvents = YES;
				INFOPLIST_KEY_UILaunchScreen_Generation = YES;
				INFOPLIST_KEY_UISupportedInterfaceOrientations_iPad = "UIInterfaceOrientationPortrait UIInterfaceOrientationPortraitUpsideDown UIInterfaceOrientationLandscapeLeft UIInterfaceOrientationLandscapeRight";
				INFOPLIST_KEY_UISupportedInterfaceOrientations_iPhone = "UIInterfaceOrientationPortrait UIInterfaceOrientationLandscapeLeft UIInterfaceOrientationLandscapeRight";
				LD_RUNPATH_SEARCH_PATHS = (
					"$(inherited)",
					"@executable_path/Frameworks",
				);
				MARKETING_VERSION = 1.0;
				PRODUCT_BUNDLE_IDENTIFIER = Bizhan.Bailanysta;
				PRODUCT_NAME = "$(TARGET_NAME)";
				SWIFT_EMIT_LOC_STRINGS = YES;
				SWIFT_VERSION = 5.0;
				TARGETED_DEVICE_FAMILY = "1,2";
			};
			name = Release;
		};
		FDAA6FED2DC87EC2007FF229 /* Debug */ = {
			isa = XCBuildConfiguration;
			buildSettings = {
				BUNDLE_LOADER = "$(TEST_HOST)";
				CODE_SIGN_STYLE = Automatic;
				CURRENT_PROJECT_VERSION = 1;
				DEVELOPMENT_TEAM = M3UQXL2W5B;
				GENERATE_INFOPLIST_FILE = YES;
				IPHONEOS_DEPLOYMENT_TARGET = 18.4;
				MARKETING_VERSION = 1.0;
				PRODUCT_BUNDLE_IDENTIFIER = Bizhan.BailanystaTests;
				PRODUCT_NAME = "$(TARGET_NAME)";
				SWIFT_EMIT_LOC_STRINGS = NO;
				SWIFT_VERSION = 5.0;
				TARGETED_DEVICE_FAMILY = "1,2";
				TEST_HOST = "$(BUILT_PRODUCTS_DIR)/Bailanysta.app/$(BUNDLE_EXECUTABLE_FOLDER_PATH)/Bailanysta";
			};
			name = Debug;
		};
		FDAA6FEE2DC87EC2007FF229 /* Release */ = {
			isa = XCBuildConfiguration;
			buildSettings = {
				BUNDLE_LOADER = "$(TEST_HOST)";
				CODE_SIGN_STYLE = Automatic;
				CURRENT_PROJECT_VERSION = 1;
				DEVELOPMENT_TEAM = M3UQXL2W5B;
				GENERATE_INFOPLIST_FILE = YES;
				IPHONEOS_DEPLOYMENT_TARGET = 18.4;
				MARKETING_VERSION = 1.0;
				PRODUCT_BUNDLE_IDENTIFIER = Bizhan.BailanystaTests;
				PRODUCT_NAME = "$(TARGET_NAME)";
				SWIFT_EMIT_LOC_STRINGS = NO;
				SWIFT_VERSION = 5.0;
				TARGETED_DEVICE_FAMILY = "1,2";
				TEST_HOST = "$(BUILT_PRODUCTS_DIR)/Bailanysta.app/$(BUNDLE_EXECUTABLE_FOLDER_PATH)/Bailanysta";
			};
			name = Release;
		};
		FDAA6FF02DC87EC2007FF229 /* Debug */ = {
			isa = XCBuildConfiguration;
			buildSettings = {
				CODE_SIGN_STYLE = Automatic;
				CURRENT_PROJECT_VERSION = 1;
				DEVELOPMENT_TEAM = M3UQXL2W5B;
				GENERATE_INFOPLIST_FILE = YES;
				MARKETING_VERSION = 1.0;
				PRODUCT_BUNDLE_IDENTIFIER = Bizhan.BailanystaUITests;
				PRODUCT_NAME = "$(TARGET_NAME)";
				SWIFT_EMIT_LOC_STRINGS = NO;
				SWIFT_VERSION = 5.0;
				TARGETED_DEVICE_FAMILY = "1,2";
				TEST_TARGET_NAME = Bailanysta;
			};
			name = Debug;
		};
		FDAA6FF12DC87EC2007FF229 /* Release */ = {
			isa = XCBuildConfiguration;
			buildSettings = {
				CODE_SIGN_STYLE = Automatic;
				CURRENT_PROJECT_VERSION = 1;
				DEVELOPMENT_TEAM = M3UQXL2W5B;
				GENERATE_INFOPLIST_FILE = YES;
				MARKETING_VERSION = 1.0;
				PRODUCT_BUNDLE_IDENTIFIER = Bizhan.BailanystaUITests;
				PRODUCT_NAME = "$(TARGET_NAME)";
				SWIFT_EMIT_LOC_STRINGS = NO;
				SWIFT_VERSION = 5.0;
				TARGETED_DEVICE_FAMILY = "1,2";
				TEST_TARGET_NAME = Bailanysta;
			};
			name = Release;
		};
/* End XCBuildConfiguration section */

/* Begin XCConfigurationList section */
		FDAA6FC32DC87EBF007FF229 /* Build configuration list for PBXProject "Bailanysta" */ = {
			isa = XCConfigurationList;
			buildConfigurations = (
				FDAA6FE72DC87EC2007FF229 /* Debug */,
				FDAA6FE82DC87EC2007FF229 /* Release */,
			);
			defaultConfigurationIsVisible = 0;
			defaultConfigurationName = Release;
		};
		FDAA6FE92DC87EC2007FF229 /* Build configuration list for PBXNativeTarget "Bailanysta" */ = {
			isa = XCConfigurationList;
			buildConfigurations = (
				FDAA6FEA2DC87EC2007FF229 /* Debug */,
				FDAA6FEB2DC87EC2007FF229 /* Release */,
			);
			defaultConfigurationIsVisible = 0;
			defaultConfigurationName = Release;
		};
		FDAA6FEC2DC87EC2007FF229 /* Build configuration list for PBXNativeTarget "BailanystaTests" */ = {
			isa = XCConfigurationList;
			buildConfigurations = (
				FDAA6FED2DC87EC2007FF229 /* Debug */,
				FDAA6FEE2DC87EC2007FF229 /* Release */,
			);
			defaultConfigurationIsVisible = 0;
			defaultConfigurationName = Release;
		};
		FDAA6FEF2DC87EC2007FF229 /* Build configuration list for PBXNativeTarget "BailanystaUITests" */ = {
			isa = XCConfigurationList;
			buildConfigurations = (
				FDAA6FF02DC87EC2007FF229 /* Debug */,
				FDAA6FF12DC87EC2007FF229 /* Release */,
			);
			defaultConfigurationIsVisible = 0;
			defaultConfigurationName = Release;
		};
/* End XCConfigurationList section */
	};
	rootObject = FDAA6FC02DC87EBF007FF229 /* Project object */;
}
